
Microsoft Visual Studio Solution File, Format Version 12.00
# Visual Studio Version 17
VisualStudioVersion = 17.9.34723.18
MinimumVisualStudioVersion = 10.0.40219.1
Project("{9A19103F-16F7-4668-BE54-9A1E7A4F7556}") = "MusicApplicationAPI", "MusicApplicationAPI\MusicApplicationAPI.csproj", "{7AE4AF1F-D7D9-4EEF-BF3B-87BABAB151FB}"
EndProject
Project("{FAE04EC0-301F-11D3-BF4B-00C04F79EFBC}") = "MusicApplicationUnitTesting", "MusicApplicationUnitTesting\MusicApplicationUnitTesting.csproj", "{FB2C8A33-51A4-444C-9C67-B8E05AC50CB2}"
EndProject
Global
	GlobalSection(SolutionConfigurationPlatforms) = preSolution
		Debug|Any CPU = Debug|Any CPU
		Release|Any CPU = Release|Any CPU
	EndGlobalSection
	GlobalSection(ProjectConfigurationPlatforms) = postSolution
		{7AE4AF1F-D7D9-4EEF-BF3B-87BABAB151FB}.Debug|Any CPU.ActiveCfg = Debug|Any CPU
		{7AE4AF1F-D7D9-4EEF-BF3B-87BABAB151FB}.Debug|Any CPU.Build.0 = Debug|Any CPU
		{7AE4AF1F-D7D9-4EEF-BF3B-87BABAB151FB}.Release|Any CPU.ActiveCfg = Release|Any CPU
		{7AE4AF1F-D7D9-4EEF-BF3B-87BABAB151FB}.Release|Any CPU.Build.0 = Release|Any CPU
		{FB2C8A33-51A4-444C-9C67-B8E05AC50CB2}.Debug|Any CPU.ActiveCfg = Debug|Any CPU
		{FB2C8A33-51A4-444C-9C67-B8E05AC50CB2}.Debug|Any CPU.Build.0 = Debug|Any CPU
		{FB2C8A33-51A4-444C-9C67-B8E05AC50CB2}.Release|Any CPU.ActiveCfg = Release|Any CPU
		{FB2C8A33-51A4-444C-9C67-B8E05AC50CB2}.Release|Any CPU.Build.0 = Release|Any CPU
	EndGlobalSection
	GlobalSection(SolutionProperties) = preSolution
		HideSolutionNode = FALSE
	EndGlobalSection
	GlobalSection(ExtensibilityGlobals) = postSolution
		SolutionGuid = {EB29D3AA-AE19-48D0-B9D7-204277DF2611}
	EndGlobalSection
EndGlobal
