
Microsoft Visual Studio Solution File, Format Version 12.00
# Visual Studio Version 17
VisualStudioVersion = 17.9.34723.18
MinimumVisualStudioVersion = 10.0.40219.1
Project("{FAE04EC0-301F-11D3-BF4B-00C04F79EFBC}") = "MusicApplicationAPI", "MusicApplicationAPI\MusicApplicationAPI.csproj", "{7AE4AF1F-D7D9-4EEF-BF3B-87BABAB151FB}"
EndProject
Global
	GlobalSection(SolutionConfigurationPlatforms) = preSolution
		Debug|Any CPU = Debug|Any CPU
		Release|Any CPU = Release|Any CPU
	EndGlobalSection
	GlobalSection(ProjectConfigurationPlatforms) = postSolution
		{7AE4AF1F-D7D9-4EEF-BF3B-87BABAB151FB}.Debug|Any CPU.ActiveCfg = Debug|Any CPU
		{7AE4AF1F-D7D9-4EEF-BF3B-87BABAB151FB}.Debug|Any CPU.Build.0 = Debug|Any CPU
		{7AE4AF1F-D7D9-4EEF-BF3B-87BABAB151FB}.Release|Any CPU.ActiveCfg = Release|Any CPU
		{7AE4AF1F-D7D9-4EEF-BF3B-87BABAB151FB}.Release|Any CPU.Build.0 = Release|Any CPU
	EndGlobalSection
	GlobalSection(SolutionProperties) = preSolution
		HideSolutionNode = FALSE
	EndGlobalSection
	GlobalSection(ExtensibilityGlobals) = postSolution
		SolutionGuid = {EB29D3AA-AE19-48D0-B9D7-204277DF2611}
	EndGlobalSection
EndGlobal
